// !$*UTF8*$!
{
	archiveVersion = 1;
	classes = {
	};
	objectVersion = 46;
	objects = {

/* Begin PBXBuildFile section */
		6806D1D716E72A0F00793C33 /* Foundation.framework in Frameworks */ = {isa = PBXBuildFile; fileRef = 6806D1D616E72A0F00793C33 /* Foundation.framework */; };
		68E8984C16F1DB22003125E0 /* script.cpp in Sources */ = {isa = PBXBuildFile; fileRef = 68E8984A16F1DB22003125E0 /* script.cpp */; };
		68E8984D16F1DB22003125E0 /* script.h in Headers */ = {isa = PBXBuildFile; fileRef = 68E8984B16F1DB22003125E0 /* script.h */; };
/* End PBXBuildFile section */

/* Begin PBXFileReference section */
		6806D1D316E72A0F00793C33 /* libScript.a */ = {isa = PBXFileReference; explicitFileType = archive.ar; includeInIndex = 0; path = libScript.a; sourceTree = BUILT_PRODUCTS_DIR; };
		6806D1D616E72A0F00793C33 /* Foundation.framework */ = {isa = PBXFileReference; lastKnownFileType = wrapper.framework; name = Foundation.framework; path = System/Library/Frameworks/Foundation.framework; sourceTree = SDKROOT; };
		68E8981116F1D880003125E0 /* Script.Common.xcconfig */ = {isa = PBXFileReference; lastKnownFileType = text.xcconfig; path = Script.Common.xcconfig; sourceTree = SOURCE_ROOT; };
		68E8981216F1D880003125E0 /* Script.Debug.xcconfig */ = {isa = PBXFileReference; lastKnownFileType = text.xcconfig; path = Script.Debug.xcconfig; sourceTree = SOURCE_ROOT; };
		68E8981316F1D880003125E0 /* Script.Release.xcconfig */ = {isa = PBXFileReference; lastKnownFileType = text.xcconfig; path = Script.Release.xcconfig; sourceTree = SOURCE_ROOT; };
		68E8984A16F1DB22003125E0 /* script.cpp */ = {isa = PBXFileReference; fileEncoding = 4; lastKnownFileType = sourcecode.cpp.cpp; name = script.cpp; path = ../source/script.cpp; sourceTree = SOURCE_ROOT; };
		68E8984B16F1DB22003125E0 /* script.h */ = {isa = PBXFileReference; fileEncoding = 4; lastKnownFileType = sourcecode.c.h; name = script.h; path = ../source/script.h; sourceTree = SOURCE_ROOT; };
/* End PBXFileReference section */

/* Begin PBXFrameworksBuildPhase section */
		6806D1D016E72A0F00793C33 /* Frameworks */ = {
			isa = PBXFrameworksBuildPhase;
			buildActionMask = 2147483647;
			files = (
				6806D1D716E72A0F00793C33 /* Foundation.framework in Frameworks */,
			);
			runOnlyForDeploymentPostprocessing = 0;
		};
/* End PBXFrameworksBuildPhase section */

/* Begin PBXGroup section */
		6806D1C816E72A0F00793C33 = {
			isa = PBXGroup;
			children = (
				6806D1D916E72A0F00793C33 /* Supporting Files */,
				6806D1D816E72A0F00793C33 /* Script */,
				6806D1D516E72A0F00793C33 /* Frameworks */,
				6806D1D416E72A0F00793C33 /* Products */,
			);
			sourceTree = "<group>";
		};
		6806D1D416E72A0F00793C33 /* Products */ = {
			isa = PBXGroup;
			children = (
				6806D1D316E72A0F00793C33 /* libScript.a */,
			);
			name = Products;
			sourceTree = "<group>";
		};
		6806D1D516E72A0F00793C33 /* Frameworks */ = {
			isa = PBXGroup;
			children = (
				6806D1D616E72A0F00793C33 /* Foundation.framework */,
			);
			name = Frameworks;
			sourceTree = "<group>";
		};
		6806D1D816E72A0F00793C33 /* Script */ = {
			isa = PBXGroup;
			children = (
				68E8984A16F1DB22003125E0 /* script.cpp */,
				68E8984B16F1DB22003125E0 /* script.h */,
			);
			name = Script;
			path = Oval;
			sourceTree = "<group>";
		};
		6806D1D916E72A0F00793C33 /* Supporting Files */ = {
			isa = PBXGroup;
			children = (
				68E8981116F1D880003125E0 /* Script.Common.xcconfig */,
				68E8981216F1D880003125E0 /* Script.Debug.xcconfig */,
				68E8981316F1D880003125E0 /* Script.Release.xcconfig */,
			);
			name = "Supporting Files";
			path = Oval;
			sourceTree = "<group>";
		};
/* End PBXGroup section */

/* Begin PBXHeadersBuildPhase section */
		6806D1D116E72A0F00793C33 /* Headers */ = {
			isa = PBXHeadersBuildPhase;
			buildActionMask = 2147483647;
			files = (
				68E8984D16F1DB22003125E0 /* script.h in Headers */,
			);
			runOnlyForDeploymentPostprocessing = 0;
		};
/* End PBXHeadersBuildPhase section */

/* Begin PBXNativeTarget section */
		6806D1D216E72A0F00793C33 /* Script */ = {
			isa = PBXNativeTarget;
			buildConfigurationList = 6806D1E016E72A0F00793C33 /* Build configuration list for PBXNativeTarget "Script" */;
			buildPhases = (
				6806D1CF16E72A0F00793C33 /* Sources */,
				6806D1D016E72A0F00793C33 /* Frameworks */,
				6806D1D116E72A0F00793C33 /* Headers */,
			);
			buildRules = (
			);
			dependencies = (
			);
			name = Script;
			productName = Oval;
			productReference = 6806D1D316E72A0F00793C33 /* libScript.a */;
			productType = "com.apple.product-type.library.static";
		};
/* End PBXNativeTarget section */

/* Begin PBXProject section */
		6806D1CA16E72A0F00793C33 /* Project object */ = {
			isa = PBXProject;
			attributes = {
				LastUpgradeCheck = 0430;
			};
			buildConfigurationList = 6806D1CD16E72A0F00793C33 /* Build configuration list for PBXProject "Script" */;
			compatibilityVersion = "Xcode 3.2";
			developmentRegion = English;
			hasScannedForEncodings = 0;
			knownRegions = (
				en,
			);
			mainGroup = 6806D1C816E72A0F00793C33;
			productRefGroup = 6806D1D416E72A0F00793C33 /* Products */;
			projectDirPath = "";
			projectRoot = "";
			targets = (
				6806D1D216E72A0F00793C33 /* Script */,
			);
		};
/* End PBXProject section */

/* Begin PBXSourcesBuildPhase section */
		6806D1CF16E72A0F00793C33 /* Sources */ = {
			isa = PBXSourcesBuildPhase;
			buildActionMask = 2147483647;
			files = (
				68E8984C16F1DB22003125E0 /* script.cpp in Sources */,
			);
			runOnlyForDeploymentPostprocessing = 0;
		};
/* End PBXSourcesBuildPhase section */

/* Begin XCBuildConfiguration section */
		6806D1DE16E72A0F00793C33 /* Debug */ = {
			isa = XCBuildConfiguration;
			baseConfigurationReference = 68E8981216F1D880003125E0 /* Script.Debug.xcconfig */;
			buildSettings = {
				GCC_SYMBOLS_PRIVATE_EXTERN = NO;
				GCC_WARN_ABOUT_RETURN_TYPE = YES;
				GCC_WARN_UNUSED_VARIABLE = YES;
			};
			name = Debug;
		};
		6806D1DF16E72A0F00793C33 /* Release */ = {
			isa = XCBuildConfiguration;
			baseConfigurationReference = 68E8981316F1D880003125E0 /* Script.Release.xcconfig */;
			buildSettings = {
				GCC_WARN_ABOUT_RETURN_TYPE = YES;
				GCC_WARN_UNUSED_VARIABLE = YES;
			};
			name = Release;
		};
		6806D1E116E72A0F00793C33 /* Debug */ = {
			isa = XCBuildConfiguration;
			baseConfigurationReference = 68E8981216F1D880003125E0 /* Script.Debug.xcconfig */;
			buildSettings = {
			};
			name = Debug;
		};
		6806D1E216E72A0F00793C33 /* Release */ = {
			isa = XCBuildConfiguration;
			baseConfigurationReference = 68E8981316F1D880003125E0 /* Script.Release.xcconfig */;
			buildSettings = {
			};
			name = Release;
		};
/* End XCBuildConfiguration section */

/* Begin XCConfigurationList section */
		6806D1CD16E72A0F00793C33 /* Build configuration list for PBXProject "Script" */ = {
			isa = XCConfigurationList;
			buildConfigurations = (
				6806D1DE16E72A0F00793C33 /* Debug */,
				6806D1DF16E72A0F00793C33 /* Release */,
			);
			defaultConfigurationIsVisible = 0;
			defaultConfigurationName = Release;
		};
		6806D1E016E72A0F00793C33 /* Build configuration list for PBXNativeTarget "Script" */ = {
			isa = XCConfigurationList;
			buildConfigurations = (
				6806D1E116E72A0F00793C33 /* Debug */,
				6806D1E216E72A0F00793C33 /* Release */,
			);
			defaultConfigurationIsVisible = 0;
			defaultConfigurationName = Release;
		};
/* End XCConfigurationList section */
	};
	rootObject = 6806D1CA16E72A0F00793C33 /* Project object */;
}
