// !$*UTF8*$!
{
	archiveVersion = 1;
	classes = {
	};
	objectVersion = 42;
	objects = {

/* Begin PBXAggregateTarget section */
		374218C40B1375CB00164777 /* All */ = {
			isa = PBXAggregateTarget;
			buildConfigurationList = 374218D00B13761500164777 /* Build configuration list for PBXAggregateTarget "All" */;
			buildPhases = (
			);
			dependencies = (
				374218C60B1375EB00164777 /* PBXTargetDependency */,
				3742192B0B1376C900164777 /* PBXTargetDependency */,
				3742192D0B1376C900164777 /* PBXTargetDependency */,
				3742192F0B1376C900164777 /* PBXTargetDependency */,
				374219310B1376C900164777 /* PBXTargetDependency */,
				374219330B1376C900164777 /* PBXTargetDependency */,
				374219350B1376C900164777 /* PBXTargetDependency */,
				374219370B1376C900164777 /* PBXTargetDependency */,
				374219390B1376C900164777 /* PBXTargetDependency */,
				3742193B0B1376C900164777 /* PBXTargetDependency */,
				3742193D0B1376C900164777 /* PBXTargetDependency */,
				3742193F0B1376C900164777 /* PBXTargetDependency */,
				D0CA52B60D4A5709003A96B1 /* PBXTargetDependency */,
				D0CA536D0D4D4303003A96B1 /* PBXTargetDependency */,
			);
			name = All;
			productName = All;
		};
/* End PBXAggregateTarget section */

/* Begin PBXContainerItemProxy section */
		374218C20B13759500164777 /* PBXContainerItemProxy */ = {
			isa = PBXContainerItemProxy;
			containerPortal = 374218BB0B13759500164777 /* Greeting.xcodeproj */;
			proxyType = 2;
			remoteGlobalIDString = 37338C840ADC5D630003801C;
			remoteInfo = Greeting;
		};
		374218C50B1375EB00164777 /* PBXContainerItemProxy */ = {
			isa = PBXContainerItemProxy;
			containerPortal = 374218BB0B13759500164777 /* Greeting.xcodeproj */;
			proxyType = 1;
			remoteGlobalIDString = 8D01CCC60486CAD60068D4B7;
			remoteInfo = Greeting;
		};
		374218CE0B13761500164777 /* PBXContainerItemProxy */ = {
			isa = PBXContainerItemProxy;
			containerPortal = 374218C70B13761500164777 /* DrAccess.xcodeproj */;
			proxyType = 2;
			remoteGlobalIDString = 37338C840ADC5D630003801C;
			remoteInfo = DrAccess;
		};
		374218DA0B13762C00164777 /* PBXContainerItemProxy */ = {
			isa = PBXContainerItemProxy;
			containerPortal = 374218D30B13762C00164777 /* ValueChecker.xcodeproj */;
			proxyType = 2;
			remoteGlobalIDString = 37338C840ADC5D630003801C;
			remoteInfo = ValueChecker;
		};
		374218E00B13763A00164777 /* PBXContainerItemProxy */ = {
			isa = PBXContainerItemProxy;
			containerPortal = 374218DC0B13763A00164777 /* XArray.xcodeproj */;
			proxyType = 2;
			remoteGlobalIDString = 37338C840ADC5D630003801C;
			remoteInfo = XArray;
		};
		374218EC0B13765900164777 /* PBXContainerItemProxy */ = {
			isa = PBXContainerItemProxy;
			containerPortal = 374218E20B13765900164777 /* InkTest.xcodeproj */;
			proxyType = 2;
			remoteGlobalIDString = 37338C840ADC5D630003801C;
			remoteInfo = InkTest;
		};
		374218F20B13765900164777 /* PBXContainerItemProxy */ = {
			isa = PBXContainerItemProxy;
			containerPortal = 374218E50B13765900164777 /* EventTest.xcodeproj */;
			proxyType = 2;
			remoteGlobalIDString = 37338C840ADC5D630003801C;
			remoteInfo = EventTest;
		};
		374218FE0B13767700164777 /* PBXContainerItemProxy */ = {
			isa = PBXContainerItemProxy;
			containerPortal = 374218F40B13767700164777 /* PlaySound.xcodeproj */;
			proxyType = 2;
			remoteGlobalIDString = 37338C840ADC5D630003801C;
			remoteInfo = PlaySound;
		};
		374219040B13767700164777 /* PBXContainerItemProxy */ = {
			isa = PBXContainerItemProxy;
			containerPortal = 374218F70B13767700164777 /* OvalSprite.xcodeproj */;
			proxyType = 2;
			remoteGlobalIDString = 37338C840ADC5D630003801C;
			remoteInfo = OvalSprite;
		};
		374219100B13768A00164777 /* PBXContainerItemProxy */ = {
			isa = PBXContainerItemProxy;
			containerPortal = 374219060B13768A00164777 /* Asset.xcodeproj */;
			proxyType = 2;
			remoteGlobalIDString = 37338C840ADC5D630003801C;
			remoteInfo = Asset;
		};
		374219160B13768A00164777 /* PBXContainerItemProxy */ = {
			isa = PBXContainerItemProxy;
			containerPortal = 374219090B13768A00164777 /* Dialog.xcodeproj */;
			proxyType = 2;
			remoteGlobalIDString = 37338C840ADC5D630003801C;
			remoteInfo = Dialog;
		};
		3742191F0B13769D00164777 /* PBXContainerItemProxy */ = {
			isa = PBXContainerItemProxy;
			containerPortal = 374219180B13769D00164777 /* BeepTool.xcodeproj */;
			proxyType = 2;
			remoteGlobalIDString = 37338C840ADC5D630003801C;
			remoteInfo = BeepTool;
		};
		374219280B1376A900164777 /* PBXContainerItemProxy */ = {
			isa = PBXContainerItemProxy;
			containerPortal = 374219210B1376A900164777 /* TallWide.xcodeproj */;
			proxyType = 2;
			remoteGlobalIDString = 37338C840ADC5D630003801C;
			remoteInfo = TallWide;
		};
		3742192A0B1376C900164777 /* PBXContainerItemProxy */ = {
			isa = PBXContainerItemProxy;
			containerPortal = 374218F70B13767700164777 /* OvalSprite.xcodeproj */;
			proxyType = 1;
			remoteGlobalIDString = 8D01CCC60486CAD60068D4B7;
			remoteInfo = OvalSprite;
		};
		3742192C0B1376C900164777 /* PBXContainerItemProxy */ = {
			isa = PBXContainerItemProxy;
			containerPortal = 374218D30B13762C00164777 /* ValueChecker.xcodeproj */;
			proxyType = 1;
			remoteGlobalIDString = 8D01CCC60486CAD60068D4B7;
			remoteInfo = ValueChecker;
		};
		3742192E0B1376C900164777 /* PBXContainerItemProxy */ = {
			isa = PBXContainerItemProxy;
			containerPortal = 374218DC0B13763A00164777 /* XArray.xcodeproj */;
			proxyType = 1;
			remoteGlobalIDString = 8D01CCC60486CAD60068D4B7;
			remoteInfo = XArray;
		};
		374219300B1376C900164777 /* PBXContainerItemProxy */ = {
			isa = PBXContainerItemProxy;
			containerPortal = 374218F40B13767700164777 /* PlaySound.xcodeproj */;
			proxyType = 1;
			remoteGlobalIDString = 8D01CCC60486CAD60068D4B7;
			remoteInfo = PlaySound;
		};
		374219320B1376C900164777 /* PBXContainerItemProxy */ = {
			isa = PBXContainerItemProxy;
			containerPortal = 374218E50B13765900164777 /* EventTest.xcodeproj */;
			proxyType = 1;
			remoteGlobalIDString = 8D01CCC60486CAD60068D4B7;
			remoteInfo = EventTest;
		};
		374219340B1376C900164777 /* PBXContainerItemProxy */ = {
			isa = PBXContainerItemProxy;
			containerPortal = 374219210B1376A900164777 /* TallWide.xcodeproj */;
			proxyType = 1;
			remoteGlobalIDString = 8D01CCC60486CAD60068D4B7;
			remoteInfo = TallWide;
		};
		374219360B1376C900164777 /* PBXContainerItemProxy */ = {
			isa = PBXContainerItemProxy;
			containerPortal = 374218E20B13765900164777 /* InkTest.xcodeproj */;
			proxyType = 1;
			remoteGlobalIDString = 8D01CCC60486CAD60068D4B7;
			remoteInfo = InkTest;
		};
		374219380B1376C900164777 /* PBXContainerItemProxy */ = {
			isa = PBXContainerItemProxy;
			containerPortal = 374219090B13768A00164777 /* Dialog.xcodeproj */;
			proxyType = 1;
			remoteGlobalIDString = 8D01CCC60486CAD60068D4B7;
			remoteInfo = Dialog;
		};
		3742193A0B1376C900164777 /* PBXContainerItemProxy */ = {
			isa = PBXContainerItemProxy;
			containerPortal = 374218C70B13761500164777 /* DrAccess.xcodeproj */;
			proxyType = 1;
			remoteGlobalIDString = 8D01CCC60486CAD60068D4B7;
			remoteInfo = DrAccess;
		};
		3742193C0B1376C900164777 /* PBXContainerItemProxy */ = {
			isa = PBXContainerItemProxy;
			containerPortal = 374219060B13768A00164777 /* Asset.xcodeproj */;
			proxyType = 1;
			remoteGlobalIDString = 8D01CCC60486CAD60068D4B7;
			remoteInfo = Asset;
		};
		3742193E0B1376C900164777 /* PBXContainerItemProxy */ = {
			isa = PBXContainerItemProxy;
			containerPortal = 374219180B13769D00164777 /* BeepTool.xcodeproj */;
			proxyType = 1;
			remoteGlobalIDString = 8D01CCC60486CAD60068D4B7;
			remoteInfo = BeepTool;
		};
		D0CA52B10D4A56EB003A96B1 /* PBXContainerItemProxy */ = {
			isa = PBXContainerItemProxy;
			containerPortal = D0CA52AA0D4A56EB003A96B1 /* ComputerUser.xcodeproj */;
			proxyType = 2;
			remoteGlobalIDString = 37338C840ADC5D630003801C;
			remoteInfo = Tool;
		};
		D0CA52B50D4A5709003A96B1 /* PBXContainerItemProxy */ = {
			isa = PBXContainerItemProxy;
			containerPortal = D0CA52AA0D4A56EB003A96B1 /* ComputerUser.xcodeproj */;
			proxyType = 1;
			remoteGlobalIDString = 8D01CCC60486CAD60068D4B7;
			remoteInfo = Tool;
		};
		D0CA53680D4D42F1003A96B1 /* PBXContainerItemProxy */ = {
			isa = PBXContainerItemProxy;
			containerPortal = D0CA53610D4D42F1003A96B1 /* TileFilter.xcodeproj */;
			proxyType = 2;
			remoteGlobalIDString = 37338C840ADC5D630003801C;
			remoteInfo = TileFilter;
		};
		D0CA536C0D4D4303003A96B1 /* PBXContainerItemProxy */ = {
			isa = PBXContainerItemProxy;
			containerPortal = D0CA53610D4D42F1003A96B1 /* TileFilter.xcodeproj */;
			proxyType = 1;
			remoteGlobalIDString = 8D01CCC60486CAD60068D4B7;
			remoteInfo = TileFilter;
		};
/* End PBXContainerItemProxy section */

/* Begin PBXFileReference section */
		374218BB0B13759500164777 /* Greeting.xcodeproj */ = {isa = PBXFileReference; lastKnownFileType = "wrapper.pb-project"; name = Greeting.xcodeproj; path = Interrogate/Greeting/macproj/Greeting.xcodeproj; sourceTree = SOURCE_ROOT; };
		374218C70B13761500164777 /* DrAccess.xcodeproj */ = {isa = PBXFileReference; lastKnownFileType = "wrapper.pb-project"; name = DrAccess.xcodeproj; path = Script/DrAccess/macproj/DrAccess.xcodeproj; sourceTree = SOURCE_ROOT; };
		374218D30B13762C00164777 /* ValueChecker.xcodeproj */ = {isa = PBXFileReference; lastKnownFileType = "wrapper.pb-project"; name = ValueChecker.xcodeproj; path = Script/valuechecker/macproj/ValueChecker.xcodeproj; sourceTree = SOURCE_ROOT; };
		374218DC0B13763A00164777 /* XArray.xcodeproj */ = {isa = PBXFileReference; lastKnownFileType = "wrapper.pb-project"; name = XArray.xcodeproj; path = Script/XArray/macproj/XArray.xcodeproj; sourceTree = SOURCE_ROOT; };
		374218E20B13765900164777 /* InkTest.xcodeproj */ = {isa = PBXFileReference; lastKnownFileType = "wrapper.pb-project"; name = InkTest.xcodeproj; path = Sprite/InkTest/macproj/InkTest.xcodeproj; sourceTree = SOURCE_ROOT; };
		374218E50B13765900164777 /* EventTest.xcodeproj */ = {isa = PBXFileReference; lastKnownFileType = "wrapper.pb-project"; name = EventTest.xcodeproj; path = Sprite/EventTest/macproj/EventTest.xcodeproj; sourceTree = SOURCE_ROOT; };
		374218F40B13767700164777 /* PlaySound.xcodeproj */ = {isa = PBXFileReference; lastKnownFileType = "wrapper.pb-project"; name = PlaySound.xcodeproj; path = Sprite/PlaySound/macproj/PlaySound.xcodeproj; sourceTree = SOURCE_ROOT; };
		374218F70B13767700164777 /* OvalSprite.xcodeproj */ = {isa = PBXFileReference; lastKnownFileType = "wrapper.pb-project"; name = OvalSprite.xcodeproj; path = Sprite/Oval/macproj/OvalSprite.xcodeproj; sourceTree = SOURCE_ROOT; };
		374219060B13768A00164777 /* Asset.xcodeproj */ = {isa = PBXFileReference; lastKnownFileType = "wrapper.pb-project"; name = Asset.xcodeproj; path = Sprite/WackyDialog/macproj/Asset.xcodeproj; sourceTree = SOURCE_ROOT; };
		374219090B13768A00164777 /* Dialog.xcodeproj */ = {isa = PBXFileReference; lastKnownFileType = "wrapper.pb-project"; name = Dialog.xcodeproj; path = Sprite/WackyDialog/macproj/Dialog.xcodeproj; sourceTree = SOURCE_ROOT; };
		374219180B13769D00164777 /* BeepTool.xcodeproj */ = {isa = PBXFileReference; lastKnownFileType = "wrapper.pb-project"; name = BeepTool.xcodeproj; path = Tool/Beep/macproj/BeepTool.xcodeproj; sourceTree = SOURCE_ROOT; };
		374219210B1376A900164777 /* TallWide.xcodeproj */ = {isa = PBXFileReference; lastKnownFileType = "wrapper.pb-project"; name = TallWide.xcodeproj; path = Transition/TallWide/macproj/TallWide.xcodeproj; sourceTree = SOURCE_ROOT; };
		D0CA52AA0D4A56EB003A96B1 /* ComputerUser.xcodeproj */ = {isa = PBXFileReference; lastKnownFileType = "wrapper.pb-project"; name = ComputerUser.xcodeproj; path = Tool/ComputerUser/macproj/ComputerUser.xcodeproj; sourceTree = "<group>"; };
		D0CA53610D4D42F1003A96B1 /* TileFilter.xcodeproj */ = {isa = PBXFileReference; lastKnownFileType = "wrapper.pb-project"; name = TileFilter.xcodeproj; path = Filter/TileFilter/macproj/TileFilter.xcodeproj; sourceTree = "<group>"; };
/* End PBXFileReference section */

/* Begin PBXGroup section */
		374218B10B13757E00164777 = {
			isa = PBXGroup;
			children = (
				D0CA52AA0D4A56EB003A96B1 /* ComputerUser.xcodeproj */,
				374219210B1376A900164777 /* TallWide.xcodeproj */,
				374219180B13769D00164777 /* BeepTool.xcodeproj */,
				374219060B13768A00164777 /* Asset.xcodeproj */,
				374219090B13768A00164777 /* Dialog.xcodeproj */,
				374218F40B13767700164777 /* PlaySound.xcodeproj */,
				374218F70B13767700164777 /* OvalSprite.xcodeproj */,
				374218E20B13765900164777 /* InkTest.xcodeproj */,
				374218E50B13765900164777 /* EventTest.xcodeproj */,
				374218DC0B13763A00164777 /* XArray.xcodeproj */,
				374218D30B13762C00164777 /* ValueChecker.xcodeproj */,
				374218C70B13761500164777 /* DrAccess.xcodeproj */,
				374218BB0B13759500164777 /* Greeting.xcodeproj */,
				D0CA53610D4D42F1003A96B1 /* TileFilter.xcodeproj */,
			);
			sourceTree = "<group>";
		};
		374218BC0B13759500164777 /* Products */ = {
			isa = PBXGroup;
			children = (
				374218C30B13759500164777 /* Greeting.xtra */,
			);
			name = Products;
			sourceTree = "<group>";
		};
		374218C80B13761500164777 /* Products */ = {
			isa = PBXGroup;
			children = (
				374218CF0B13761500164777 /* DrAccess.xtra */,
			);
			name = Products;
			sourceTree = "<group>";
		};
		374218D40B13762C00164777 /* Products */ = {
			isa = PBXGroup;
			children = (
				374218DB0B13762C00164777 /* ValueChecker.xtra */,
			);
			name = Products;
			sourceTree = "<group>";
		};
		374218DD0B13763A00164777 /* Products */ = {
			isa = PBXGroup;
			children = (
				374218E10B13763A00164777 /* XArray.xtra */,
			);
			name = Products;
			sourceTree = "<group>";
		};
		374218E30B13765900164777 /* Products */ = {
			isa = PBXGroup;
			children = (
				374218ED0B13765900164777 /* InkTest.xtra */,
			);
			name = Products;
			sourceTree = "<group>";
		};
		374218E60B13765900164777 /* Products */ = {
			isa = PBXGroup;
			children = (
				374218F30B13765900164777 /* EventTest.xtra */,
			);
			name = Products;
			sourceTree = "<group>";
		};
		374218F50B13767700164777 /* Products */ = {
			isa = PBXGroup;
			children = (
				374218FF0B13767700164777 /* PlaySound.xtra */,
			);
			name = Products;
			sourceTree = "<group>";
		};
		374218F80B13767700164777 /* Products */ = {
			isa = PBXGroup;
			children = (
				374219050B13767700164777 /* OvalSprite.xtra */,
			);
			name = Products;
			sourceTree = "<group>";
		};
		374219070B13768A00164777 /* Products */ = {
			isa = PBXGroup;
			children = (
				374219110B13768A00164777 /* Wacky Dialog Asset.xtra */,
			);
			name = Products;
			sourceTree = "<group>";
		};
		3742190A0B13768A00164777 /* Products */ = {
			isa = PBXGroup;
			children = (
				374219170B13768A00164777 /* Wacky Dialog.xtra */,
			);
			name = Products;
			sourceTree = "<group>";
		};
		374219190B13769D00164777 /* Products */ = {
			isa = PBXGroup;
			children = (
				374219200B13769D00164777 /* BeepTool.xtra */,
			);
			name = Products;
			sourceTree = "<group>";
		};
		374219220B1376A900164777 /* Products */ = {
			isa = PBXGroup;
			children = (
				374219290B1376A900164777 /* TallWide.xtra */,
			);
			name = Products;
			sourceTree = "<group>";
		};
		D0CA52AB0D4A56EB003A96B1 /* Products */ = {
			isa = PBXGroup;
			children = (
				D0CA52B20D4A56EB003A96B1 /* ComputerUser.xtra */,
			);
			name = Products;
			sourceTree = "<group>";
		};
		D0CA53620D4D42F1003A96B1 /* Products */ = {
			isa = PBXGroup;
			children = (
				D0CA53690D4D42F1003A96B1 /* TileFilter.xtra */,
			);
			name = Products;
			sourceTree = "<group>";
		};
/* End PBXGroup section */

/* Begin PBXProject section */
		374218B30B13757E00164777 /* Project object */ = {
			isa = PBXProject;
			buildConfigurationList = 374218B40B13757E00164777 /* Build configuration list for PBXProject "allexamples" */;
			hasScannedForEncodings = 0;
			mainGroup = 374218B10B13757E00164777;
			projectDirPath = "";
			projectReferences = (
				{
					ProductGroup = 374219070B13768A00164777 /* Products */;
					ProjectRef = 374219060B13768A00164777 /* Asset.xcodeproj */;
				},
				{
					ProductGroup = 374219190B13769D00164777 /* Products */;
					ProjectRef = 374219180B13769D00164777 /* BeepTool.xcodeproj */;
				},
				{
					ProductGroup = D0CA52AB0D4A56EB003A96B1 /* Products */;
					ProjectRef = D0CA52AA0D4A56EB003A96B1 /* ComputerUser.xcodeproj */;
				},
				{
					ProductGroup = 3742190A0B13768A00164777 /* Products */;
					ProjectRef = 374219090B13768A00164777 /* Dialog.xcodeproj */;
				},
				{
					ProductGroup = 374218C80B13761500164777 /* Products */;
					ProjectRef = 374218C70B13761500164777 /* DrAccess.xcodeproj */;
				},
				{
					ProductGroup = 374218E60B13765900164777 /* Products */;
					ProjectRef = 374218E50B13765900164777 /* EventTest.xcodeproj */;
				},
				{
					ProductGroup = 374218BC0B13759500164777 /* Products */;
					ProjectRef = 374218BB0B13759500164777 /* Greeting.xcodeproj */;
				},
				{
					ProductGroup = 374218E30B13765900164777 /* Products */;
					ProjectRef = 374218E20B13765900164777 /* InkTest.xcodeproj */;
				},
				{
					ProductGroup = 374218F80B13767700164777 /* Products */;
					ProjectRef = 374218F70B13767700164777 /* OvalSprite.xcodeproj */;
				},
				{
					ProductGroup = 374218F50B13767700164777 /* Products */;
					ProjectRef = 374218F40B13767700164777 /* PlaySound.xcodeproj */;
				},
				{
					ProductGroup = 374219220B1376A900164777 /* Products */;
					ProjectRef = 374219210B1376A900164777 /* TallWide.xcodeproj */;
				},
				{
					ProductGroup = D0CA53620D4D42F1003A96B1 /* Products */;
					ProjectRef = D0CA53610D4D42F1003A96B1 /* TileFilter.xcodeproj */;
				},
				{
					ProductGroup = 374218D40B13762C00164777 /* Products */;
					ProjectRef = 374218D30B13762C00164777 /* ValueChecker.xcodeproj */;
				},
				{
					ProductGroup = 374218DD0B13763A00164777 /* Products */;
					ProjectRef = 374218DC0B13763A00164777 /* XArray.xcodeproj */;
				},
			);
			targets = (
				374218C40B1375CB00164777 /* All */,
			);
		};
/* End PBXProject section */

/* Begin PBXReferenceProxy section */
		374218C30B13759500164777 /* Greeting.xtra */ = {
			isa = PBXReferenceProxy;
			fileType = wrapper.cfbundle;
			path = Greeting.xtra;
			remoteRef = 374218C20B13759500164777 /* PBXContainerItemProxy */;
			sourceTree = BUILT_PRODUCTS_DIR;
		};
		374218CF0B13761500164777 /* DrAccess.xtra */ = {
			isa = PBXReferenceProxy;
			fileType = wrapper.cfbundle;
			path = DrAccess.xtra;
			remoteRef = 374218CE0B13761500164777 /* PBXContainerItemProxy */;
			sourceTree = BUILT_PRODUCTS_DIR;
		};
		374218DB0B13762C00164777 /* ValueChecker.xtra */ = {
			isa = PBXReferenceProxy;
			fileType = wrapper.cfbundle;
			path = ValueChecker.xtra;
			remoteRef = 374218DA0B13762C00164777 /* PBXContainerItemProxy */;
			sourceTree = BUILT_PRODUCTS_DIR;
		};
		374218E10B13763A00164777 /* XArray.xtra */ = {
			isa = PBXReferenceProxy;
			fileType = wrapper.cfbundle;
			path = XArray.xtra;
			remoteRef = 374218E00B13763A00164777 /* PBXContainerItemProxy */;
			sourceTree = BUILT_PRODUCTS_DIR;
		};
		374218ED0B13765900164777 /* InkTest.xtra */ = {
			isa = PBXReferenceProxy;
			fileType = wrapper.cfbundle;
			path = InkTest.xtra;
			remoteRef = 374218EC0B13765900164777 /* PBXContainerItemProxy */;
			sourceTree = BUILT_PRODUCTS_DIR;
		};
		374218F30B13765900164777 /* EventTest.xtra */ = {
			isa = PBXReferenceProxy;
			fileType = wrapper.cfbundle;
			path = EventTest.xtra;
			remoteRef = 374218F20B13765900164777 /* PBXContainerItemProxy */;
			sourceTree = BUILT_PRODUCTS_DIR;
		};
		374218FF0B13767700164777 /* PlaySound.xtra */ = {
			isa = PBXReferenceProxy;
			fileType = wrapper.cfbundle;
			path = PlaySound.xtra;
			remoteRef = 374218FE0B13767700164777 /* PBXContainerItemProxy */;
			sourceTree = BUILT_PRODUCTS_DIR;
		};
		374219050B13767700164777 /* OvalSprite.xtra */ = {
			isa = PBXReferenceProxy;
			fileType = wrapper.cfbundle;
			path = OvalSprite.xtra;
			remoteRef = 374219040B13767700164777 /* PBXContainerItemProxy */;
			sourceTree = BUILT_PRODUCTS_DIR;
		};
		374219110B13768A00164777 /* Wacky Dialog Asset.xtra */ = {
			isa = PBXReferenceProxy;
			fileType = wrapper.cfbundle;
			path = "Wacky Dialog Asset.xtra";
			remoteRef = 374219100B13768A00164777 /* PBXContainerItemProxy */;
			sourceTree = BUILT_PRODUCTS_DIR;
		};
		374219170B13768A00164777 /* Wacky Dialog.xtra */ = {
			isa = PBXReferenceProxy;
			fileType = wrapper.cfbundle;
			path = "Wacky Dialog.xtra";
			remoteRef = 374219160B13768A00164777 /* PBXContainerItemProxy */;
			sourceTree = BUILT_PRODUCTS_DIR;
		};
		374219200B13769D00164777 /* BeepTool.xtra */ = {
			isa = PBXReferenceProxy;
			fileType = wrapper.cfbundle;
			path = BeepTool.xtra;
			remoteRef = 3742191F0B13769D00164777 /* PBXContainerItemProxy */;
			sourceTree = BUILT_PRODUCTS_DIR;
		};
		374219290B1376A900164777 /* TallWide.xtra */ = {
			isa = PBXReferenceProxy;
			fileType = wrapper.cfbundle;
			path = TallWide.xtra;
			remoteRef = 374219280B1376A900164777 /* PBXContainerItemProxy */;
			sourceTree = BUILT_PRODUCTS_DIR;
		};
		D0CA52B20D4A56EB003A96B1 /* ComputerUser.xtra */ = {
			isa = PBXReferenceProxy;
			fileType = wrapper.cfbundle;
			path = ComputerUser.xtra;
			remoteRef = D0CA52B10D4A56EB003A96B1 /* PBXContainerItemProxy */;
			sourceTree = BUILT_PRODUCTS_DIR;
		};
		D0CA53690D4D42F1003A96B1 /* TileFilter.xtra */ = {
			isa = PBXReferenceProxy;
			fileType = wrapper.cfbundle;
			path = TileFilter.xtra;
			remoteRef = D0CA53680D4D42F1003A96B1 /* PBXContainerItemProxy */;
			sourceTree = BUILT_PRODUCTS_DIR;
		};
/* End PBXReferenceProxy section */

/* Begin PBXTargetDependency section */
		374218C60B1375EB00164777 /* PBXTargetDependency */ = {
			isa = PBXTargetDependency;
			name = Greeting;
			targetProxy = 374218C50B1375EB00164777 /* PBXContainerItemProxy */;
		};
		3742192B0B1376C900164777 /* PBXTargetDependency */ = {
			isa = PBXTargetDependency;
			name = OvalSprite;
			targetProxy = 3742192A0B1376C900164777 /* PBXContainerItemProxy */;
		};
		3742192D0B1376C900164777 /* PBXTargetDependency */ = {
			isa = PBXTargetDependency;
			name = ValueChecker;
			targetProxy = 3742192C0B1376C900164777 /* PBXContainerItemProxy */;
		};
		3742192F0B1376C900164777 /* PBXTargetDependency */ = {
			isa = PBXTargetDependency;
			name = XArray;
			targetProxy = 3742192E0B1376C900164777 /* PBXContainerItemProxy */;
		};
		374219310B1376C900164777 /* PBXTargetDependency */ = {
			isa = PBXTargetDependency;
			name = PlaySound;
			targetProxy = 374219300B1376C900164777 /* PBXContainerItemProxy */;
		};
		374219330B1376C900164777 /* PBXTargetDependency */ = {
			isa = PBXTargetDependency;
			name = EventTest;
			targetProxy = 374219320B1376C900164777 /* PBXContainerItemProxy */;
		};
		374219350B1376C900164777 /* PBXTargetDependency */ = {
			isa = PBXTargetDependency;
			name = TallWide;
			targetProxy = 374219340B1376C900164777 /* PBXContainerItemProxy */;
		};
		374219370B1376C900164777 /* PBXTargetDependency */ = {
			isa = PBXTargetDependency;
			name = InkTest;
			targetProxy = 374219360B1376C900164777 /* PBXContainerItemProxy */;
		};
		374219390B1376C900164777 /* PBXTargetDependency */ = {
			isa = PBXTargetDependency;
			name = Dialog;
			targetProxy = 374219380B1376C900164777 /* PBXContainerItemProxy */;
		};
		3742193B0B1376C900164777 /* PBXTargetDependency */ = {
			isa = PBXTargetDependency;
			name = DrAccess;
			targetProxy = 3742193A0B1376C900164777 /* PBXContainerItemProxy */;
		};
		3742193D0B1376C900164777 /* PBXTargetDependency */ = {
			isa = PBXTargetDependency;
			name = Asset;
			targetProxy = 3742193C0B1376C900164777 /* PBXContainerItemProxy */;
		};
		3742193F0B1376C900164777 /* PBXTargetDependency */ = {
			isa = PBXTargetDependency;
			name = BeepTool;
			targetProxy = 3742193E0B1376C900164777 /* PBXContainerItemProxy */;
		};
		D0CA52B60D4A5709003A96B1 /* PBXTargetDependency */ = {
			isa = PBXTargetDependency;
			name = Tool;
			targetProxy = D0CA52B50D4A5709003A96B1 /* PBXContainerItemProxy */;
		};
		D0CA536D0D4D4303003A96B1 /* PBXTargetDependency */ = {
			isa = PBXTargetDependency;
			name = TileFilter;
			targetProxy = D0CA536C0D4D4303003A96B1 /* PBXContainerItemProxy */;
		};
/* End PBXTargetDependency section */

/* Begin XCBuildConfiguration section */
		374218B50B13757E00164777 /* Debug */ = {
			isa = XCBuildConfiguration;
			buildSettings = {
				COPY_PHASE_STRIP = NO;
			};
			name = Debug;
		};
		374218B60B13757E00164777 /* Release */ = {
			isa = XCBuildConfiguration;
			buildSettings = {
				ARCHS = (
					i386,
					ppc,
				);
				COPY_PHASE_STRIP = YES;
			};
			name = Release;
		};
		374218D10B13761500164777 /* Debug */ = {
			isa = XCBuildConfiguration;
			buildSettings = {
				COPY_PHASE_STRIP = NO;
				GCC_DYNAMIC_NO_PIC = NO;
				GCC_GENERATE_DEBUGGING_SYMBOLS = YES;
				GCC_OPTIMIZATION_LEVEL = 0;
				PRODUCT_NAME = All;
			};
			name = Debug;
		};
		374218D20B13761500164777 /* Release */ = {
			isa = XCBuildConfiguration;
			buildSettings = {
				COPY_PHASE_STRIP = YES;
				GCC_ENABLE_FIX_AND_CONTINUE = NO;
				GCC_GENERATE_DEBUGGING_SYMBOLS = NO;
				PRODUCT_NAME = All;
				ZERO_LINK = NO;
			};
			name = Release;
		};
/* End XCBuildConfiguration section */

/* Begin XCConfigurationList section */
		374218B40B13757E00164777 /* Build configuration list for PBXProject "allexamples" */ = {
			isa = XCConfigurationList;
			buildConfigurations = (
				374218B50B13757E00164777 /* Debug */,
				374218B60B13757E00164777 /* Release */,
			);
			defaultConfigurationIsVisible = 0;
			defaultConfigurationName = Release;
		};
		374218D00B13761500164777 /* Build configuration list for PBXAggregateTarget "All" */ = {
			isa = XCConfigurationList;
			buildConfigurations = (
				374218D10B13761500164777 /* Debug */,
				374218D20B13761500164777 /* Release */,
			);
			defaultConfigurationIsVisible = 0;
			defaultConfigurationName = Release;
		};
/* End XCConfigurationList section */
	};
	rootObject = 374218B30B13757E00164777 /* Project object */;
}
